
Microsoft Visual Studio Solution File, Format Version 12.00
# Visual Studio Version 17
VisualStudioVersion = 17.11.35327.3
MinimumVisualStudioVersion = 10.0.40219.1
Project("{FAE04EC0-301F-11D3-BF4B-00C04F79EFBC}") = "SalesAndOrderFulfillment", "SalesAndOrderFulfillment.csproj", "{78EFF8AE-8FE7-4CBB-A413-7F801FA2BBFB}"
EndProject
Global
	GlobalSection(SolutionConfigurationPlatforms) = preSolution
		Debug|Any CPU = Debug|Any CPU
		Release|Any CPU = Release|Any CPU
	EndGlobalSection
	GlobalSection(ProjectConfigurationPlatforms) = postSolution
		{78EFF8AE-8FE7-4CBB-A413-7F801FA2BBFB}.Debug|Any CPU.ActiveCfg = Debug|Any CPU
		{78EFF8AE-8FE7-4CBB-A413-7F801FA2BBFB}.Debug|Any CPU.Build.0 = Debug|Any CPU
		{78EFF8AE-8FE7-4CBB-A413-7F801FA2BBFB}.Release|Any CPU.ActiveCfg = Release|Any CPU
		{78EFF8AE-8FE7-4CBB-A413-7F801FA2BBFB}.Release|Any CPU.Build.0 = Release|Any CPU
	EndGlobalSection
	GlobalSection(SolutionProperties) = preSolution
		HideSolutionNode = FALSE
	EndGlobalSection
	GlobalSection(ExtensibilityGlobals) = postSolution
		SolutionGuid = {2C029853-8B18-49F5-B591-CA0E90A512DB}
	EndGlobalSection
EndGlobal
